
Microsoft Visual Studio Solution File, Format Version 12.00
# Visual Studio Version 17
VisualStudioVersion = 17.0.31903.59
MinimumVisualStudioVersion = 10.0.40219.1
Project("{8BC9CEB8-8B4A-11D0-8D11-00A0C91BC942}") = "RCON", "RCON\RCON.vcxproj", "{E0DC7B3B-4CBD-4098-AB50-78ACD4456AA7}"
EndProject
Project("{8BC9CEB8-8B4A-11D0-8D11-00A0C91BC942}") = "SharedLib", "..\shared library\SharedLib\SharedLib.vcxitems", "{25144A18-EE89-4CEB-92E5-FDACF4247449}"
EndProject
Project("{8BC9CEB8-8B4A-11D0-8D11-00A0C91BC942}") = "cli-opt-lib", "..\cli-opt-lib\cli-opt-lib\cli-opt-lib.vcxitems", "{D5656F70-5412-4AFA-8A81-4AC9A7166397}"
EndProject
Project("{8BC9CEB8-8B4A-11D0-8D11-00A0C91BC942}") = "TermAPI", "..\TermAPI\TermAPI\TermAPI.vcxitems", "{D8AF6A55-3981-4B50-8264-816604A91541}"
EndProject
Project("{8BC9CEB8-8B4A-11D0-8D11-00A0C91BC942}") = "file-parser-lib", "..\cpp-file-parser\file-parser-lib\file-parser-lib.vcxitems", "{A0D69755-A4F6-4983-B2D1-11FF2532BA70}"
EndProject
Project("{8BC9CEB8-8B4A-11D0-8D11-00A0C91BC942}") = "RCON-UnitTests", "RCON-UnitTests\RCON-UnitTests.vcxproj", "{0AB3AE3F-B003-4FC3-AC10-F51F82BE4E58}"
EndProject
Global
	GlobalSection(SharedMSBuildProjectFiles) = preSolution
		..\shared library\SharedLib\SharedLib.vcxitems*{25144a18-ee89-4ceb-92e5-fdacf4247449}*SharedItemsImports = 9
		..\cpp-file-parser\file-parser-lib\file-parser-lib.vcxitems*{a0d69755-a4f6-4983-b2d1-11ff2532ba70}*SharedItemsImports = 9
		..\cli-opt-lib\cli-opt-lib\cli-opt-lib.vcxitems*{d5656f70-5412-4afa-8a81-4ac9a7166397}*SharedItemsImports = 9
		..\TermAPI\TermAPI\TermAPI.vcxitems*{d8af6a55-3981-4b50-8264-816604a91541}*SharedItemsImports = 9
		..\cli-opt-lib\cli-opt-lib\cli-opt-lib.vcxitems*{e0dc7b3b-4cbd-4098-ab50-78acd4456aa7}*SharedItemsImports = 4
		..\cpp-file-parser\file-parser-lib\file-parser-lib.vcxitems*{e0dc7b3b-4cbd-4098-ab50-78acd4456aa7}*SharedItemsImports = 4
		..\shared library\SharedLib\SharedLib.vcxitems*{e0dc7b3b-4cbd-4098-ab50-78acd4456aa7}*SharedItemsImports = 4
		..\TermAPI\TermAPI\TermAPI.vcxitems*{e0dc7b3b-4cbd-4098-ab50-78acd4456aa7}*SharedItemsImports = 4
	EndGlobalSection
	GlobalSection(SolutionConfigurationPlatforms) = preSolution
		Debug|x64 = Debug|x64
		Debug|x86 = Debug|x86
		MultiThreading-Debug|x64 = MultiThreading-Debug|x64
		MultiThreading-Debug|x86 = MultiThreading-Debug|x86
		MultiThreading-Release|x64 = MultiThreading-Release|x64
		MultiThreading-Release|x86 = MultiThreading-Release|x86
		Release|x64 = Release|x64
		Release|x86 = Release|x86
	EndGlobalSection
	GlobalSection(ProjectConfigurationPlatforms) = postSolution
		{E0DC7B3B-4CBD-4098-AB50-78ACD4456AA7}.Debug|x64.ActiveCfg = Debug|x64
		{E0DC7B3B-4CBD-4098-AB50-78ACD4456AA7}.Debug|x64.Build.0 = Debug|x64
		{E0DC7B3B-4CBD-4098-AB50-78ACD4456AA7}.Debug|x86.ActiveCfg = Debug|Win32
		{E0DC7B3B-4CBD-4098-AB50-78ACD4456AA7}.Debug|x86.Build.0 = Debug|Win32
		{E0DC7B3B-4CBD-4098-AB50-78ACD4456AA7}.MultiThreading-Debug|x64.ActiveCfg = MultiThreading-Debug|x64
		{E0DC7B3B-4CBD-4098-AB50-78ACD4456AA7}.MultiThreading-Debug|x64.Build.0 = MultiThreading-Debug|x64
		{E0DC7B3B-4CBD-4098-AB50-78ACD4456AA7}.MultiThreading-Debug|x86.ActiveCfg = MultiThreading-Debug|Win32
		{E0DC7B3B-4CBD-4098-AB50-78ACD4456AA7}.MultiThreading-Debug|x86.Build.0 = MultiThreading-Debug|Win32
		{E0DC7B3B-4CBD-4098-AB50-78ACD4456AA7}.MultiThreading-Release|x64.ActiveCfg = MultiThreading-Release|x64
		{E0DC7B3B-4CBD-4098-AB50-78ACD4456AA7}.MultiThreading-Release|x64.Build.0 = MultiThreading-Release|x64
		{E0DC7B3B-4CBD-4098-AB50-78ACD4456AA7}.MultiThreading-Release|x86.ActiveCfg = MultiThreading-Release|Win32
		{E0DC7B3B-4CBD-4098-AB50-78ACD4456AA7}.MultiThreading-Release|x86.Build.0 = MultiThreading-Release|Win32
		{E0DC7B3B-4CBD-4098-AB50-78ACD4456AA7}.Release|x64.ActiveCfg = Release|x64
		{E0DC7B3B-4CBD-4098-AB50-78ACD4456AA7}.Release|x64.Build.0 = Release|x64
		{E0DC7B3B-4CBD-4098-AB50-78ACD4456AA7}.Release|x86.ActiveCfg = Release|Win32
		{E0DC7B3B-4CBD-4098-AB50-78ACD4456AA7}.Release|x86.Build.0 = Release|Win32
		{0AB3AE3F-B003-4FC3-AC10-F51F82BE4E58}.Debug|x64.ActiveCfg = Debug|x64
		{0AB3AE3F-B003-4FC3-AC10-F51F82BE4E58}.Debug|x64.Build.0 = Debug|x64
		{0AB3AE3F-B003-4FC3-AC10-F51F82BE4E58}.Debug|x86.ActiveCfg = Debug|Win32
		{0AB3AE3F-B003-4FC3-AC10-F51F82BE4E58}.Debug|x86.Build.0 = Debug|Win32
		{0AB3AE3F-B003-4FC3-AC10-F51F82BE4E58}.MultiThreading-Debug|x64.ActiveCfg = Debug|x64
		{0AB3AE3F-B003-4FC3-AC10-F51F82BE4E58}.MultiThreading-Debug|x64.Build.0 = Debug|x64
		{0AB3AE3F-B003-4FC3-AC10-F51F82BE4E58}.MultiThreading-Debug|x86.ActiveCfg = Debug|Win32
		{0AB3AE3F-B003-4FC3-AC10-F51F82BE4E58}.MultiThreading-Debug|x86.Build.0 = Debug|Win32
		{0AB3AE3F-B003-4FC3-AC10-F51F82BE4E58}.MultiThreading-Release|x64.ActiveCfg = Release|x64
		{0AB3AE3F-B003-4FC3-AC10-F51F82BE4E58}.MultiThreading-Release|x64.Build.0 = Release|x64
		{0AB3AE3F-B003-4FC3-AC10-F51F82BE4E58}.MultiThreading-Release|x86.ActiveCfg = Release|Win32
		{0AB3AE3F-B003-4FC3-AC10-F51F82BE4E58}.MultiThreading-Release|x86.Build.0 = Release|Win32
		{0AB3AE3F-B003-4FC3-AC10-F51F82BE4E58}.Release|x64.ActiveCfg = Release|x64
		{0AB3AE3F-B003-4FC3-AC10-F51F82BE4E58}.Release|x64.Build.0 = Release|x64
		{0AB3AE3F-B003-4FC3-AC10-F51F82BE4E58}.Release|x86.ActiveCfg = Release|Win32
		{0AB3AE3F-B003-4FC3-AC10-F51F82BE4E58}.Release|x86.Build.0 = Release|Win32
	EndGlobalSection
	GlobalSection(SolutionProperties) = preSolution
		HideSolutionNode = FALSE
	EndGlobalSection
	GlobalSection(ExtensibilityGlobals) = postSolution
		SolutionGuid = {151349AB-8D9A-4F83-AA39-71FF1C600692}
	EndGlobalSection
EndGlobal
